
Microsoft Visual Studio Solution File, Format Version 12.00
# Visual Studio Version 16
VisualStudioVersion = 16.0.31613.86
MinimumVisualStudioVersion = 10.0.40219.1
Project("{FAE04EC0-301F-11D3-BF4B-00C04F79EFBC}") = "Slutprojekt", "Slutprojekt\Slutprojekt.csproj", "{B59AC46E-0729-4D7F-B4FB-6D809226E71F}"
EndProject
Global
	GlobalSection(SolutionConfigurationPlatforms) = preSolution
		Debug|Any CPU = Debug|Any CPU
		Release|Any CPU = Release|Any CPU
	EndGlobalSection
	GlobalSection(ProjectConfigurationPlatforms) = postSolution
		{B59AC46E-0729-4D7F-B4FB-6D809226E71F}.Debug|Any CPU.ActiveCfg = Debug|Any CPU
		{B59AC46E-0729-4D7F-B4FB-6D809226E71F}.Debug|Any CPU.Build.0 = Debug|Any CPU
		{B59AC46E-0729-4D7F-B4FB-6D809226E71F}.Release|Any CPU.ActiveCfg = Release|Any CPU
		{B59AC46E-0729-4D7F-B4FB-6D809226E71F}.Release|Any CPU.Build.0 = Release|Any CPU
	EndGlobalSection
	GlobalSection(SolutionProperties) = preSolution
		HideSolutionNode = FALSE
	EndGlobalSection
	GlobalSection(ExtensibilityGlobals) = postSolution
		SolutionGuid = {130E107A-3AF2-44D7-BB56-1F9600C6DF63}
	EndGlobalSection
EndGlobal
